
Microsoft Visual Studio Solution File, Format Version 12.00
# Visual Studio Version 17
VisualStudioVersion = 17.13.35825.156 d17.13
MinimumVisualStudioVersion = 10.0.40219.1
Project("{FAE04EC0-301F-11D3-BF4B-00C04F79EFBC}") = "Pasdakleba.Web", "Pasdakleba.Web\Pasdakleba.Web.csproj", "{9E7BF185-2EFF-457F-ADEE-9E38D30918BD}"
EndProject
Global
	GlobalSection(SolutionConfigurationPlatforms) = preSolution
		Debug|Any CPU = Debug|Any CPU
		Release|Any CPU = Release|Any CPU
	EndGlobalSection
	GlobalSection(ProjectConfigurationPlatforms) = postSolution
		{9E7BF185-2EFF-457F-ADEE-9E38D30918BD}.Debug|Any CPU.ActiveCfg = Debug|Any CPU
		{9E7BF185-2EFF-457F-ADEE-9E38D30918BD}.Debug|Any CPU.Build.0 = Debug|Any CPU
		{9E7BF185-2EFF-457F-ADEE-9E38D30918BD}.Release|Any CPU.ActiveCfg = Release|Any CPU
		{9E7BF185-2EFF-457F-ADEE-9E38D30918BD}.Release|Any CPU.Build.0 = Release|Any CPU
	EndGlobalSection
	GlobalSection(SolutionProperties) = preSolution
		HideSolutionNode = FALSE
	EndGlobalSection
	GlobalSection(ExtensibilityGlobals) = postSolution
		SolutionGuid = {374929A3-5046-4A5D-AC40-E3F04386987B}
	EndGlobalSection
EndGlobal
